
Microsoft Visual Studio Solution File, Format Version 12.00
# Visual Studio Version 16
VisualStudioVersion = 16.0.28803.452
MinimumVisualStudioVersion = 10.0.40219.1
Project("{FAE04EC0-301F-11D3-BF4B-00C04F79EFBC}") = "EgorLab", "EgorLab\EgorLab.csproj", "{AC858583-D4BB-4EFB-9BB2-1979470D8B27}"
EndProject
Global
	GlobalSection(SolutionConfigurationPlatforms) = preSolution
		Debug|Any CPU = Debug|Any CPU
		Release|Any CPU = Release|Any CPU
	EndGlobalSection
	GlobalSection(ProjectConfigurationPlatforms) = postSolution
		{AC858583-D4BB-4EFB-9BB2-1979470D8B27}.Debug|Any CPU.ActiveCfg = Debug|Any CPU
		{AC858583-D4BB-4EFB-9BB2-1979470D8B27}.Debug|Any CPU.Build.0 = Debug|Any CPU
		{AC858583-D4BB-4EFB-9BB2-1979470D8B27}.Release|Any CPU.ActiveCfg = Release|Any CPU
		{AC858583-D4BB-4EFB-9BB2-1979470D8B27}.Release|Any CPU.Build.0 = Release|Any CPU
	EndGlobalSection
	GlobalSection(SolutionProperties) = preSolution
		HideSolutionNode = FALSE
	EndGlobalSection
	GlobalSection(ExtensibilityGlobals) = postSolution
		SolutionGuid = {2B1B9765-85DE-4B89-B908-E2CDF9C66D97}
	EndGlobalSection
EndGlobal
